
Microsoft Visual Studio Solution File, Format Version 12.00
# Visual Studio Version 16
VisualStudioVersion = 16.0.31321.278
MinimumVisualStudioVersion = 10.0.40219.1
Project("{FAE04EC0-301F-11D3-BF4B-00C04F79EFBC}") = "ConsoleApp1", "ConsoleApp1\ConsoleApp1.csproj", "{042EFE57-FFCB-48B4-BDB7-EB36959A54AF}"
	ProjectSection(ProjectDependencies) = postProject
		{E7601F9E-843E-43CE-90DF-295C91C8342C} = {E7601F9E-843E-43CE-90DF-295C91C8342C}
	EndProjectSection
EndProject
Project("{FAE04EC0-301F-11D3-BF4B-00C04F79EFBC}") = "Data", "Data\Data.csproj", "{E7601F9E-843E-43CE-90DF-295C91C8342C}"
EndProject
Project("{FAE04EC0-301F-11D3-BF4B-00C04F79EFBC}") = "Web", "Web\Web.csproj", "{AD9F1E49-2058-4AFC-9D60-BF9D94C68E69}"
EndProject
Global
	GlobalSection(SolutionConfigurationPlatforms) = preSolution
		Debug|Any CPU = Debug|Any CPU
		Release|Any CPU = Release|Any CPU
	EndGlobalSection
	GlobalSection(ProjectConfigurationPlatforms) = postSolution
		{042EFE57-FFCB-48B4-BDB7-EB36959A54AF}.Debug|Any CPU.ActiveCfg = Debug|Any CPU
		{042EFE57-FFCB-48B4-BDB7-EB36959A54AF}.Debug|Any CPU.Build.0 = Debug|Any CPU
		{042EFE57-FFCB-48B4-BDB7-EB36959A54AF}.Release|Any CPU.ActiveCfg = Release|Any CPU
		{042EFE57-FFCB-48B4-BDB7-EB36959A54AF}.Release|Any CPU.Build.0 = Release|Any CPU
		{E7601F9E-843E-43CE-90DF-295C91C8342C}.Debug|Any CPU.ActiveCfg = Debug|Any CPU
		{E7601F9E-843E-43CE-90DF-295C91C8342C}.Debug|Any CPU.Build.0 = Debug|Any CPU
		{E7601F9E-843E-43CE-90DF-295C91C8342C}.Release|Any CPU.ActiveCfg = Release|Any CPU
		{E7601F9E-843E-43CE-90DF-295C91C8342C}.Release|Any CPU.Build.0 = Release|Any CPU
		{AD9F1E49-2058-4AFC-9D60-BF9D94C68E69}.Debug|Any CPU.ActiveCfg = Debug|Any CPU
		{AD9F1E49-2058-4AFC-9D60-BF9D94C68E69}.Debug|Any CPU.Build.0 = Debug|Any CPU
		{AD9F1E49-2058-4AFC-9D60-BF9D94C68E69}.Release|Any CPU.ActiveCfg = Release|Any CPU
		{AD9F1E49-2058-4AFC-9D60-BF9D94C68E69}.Release|Any CPU.Build.0 = Release|Any CPU
	EndGlobalSection
	GlobalSection(SolutionProperties) = preSolution
		HideSolutionNode = FALSE
	EndGlobalSection
	GlobalSection(ExtensibilityGlobals) = postSolution
		SolutionGuid = {72637541-1C5E-42B2-9845-61750AAE50B3}
	EndGlobalSection
EndGlobal
